{
	"name": "create-tuvix-app",
	"version": "0.1.3",
	"lockfileVersion": 3,
	"requires": true,
	"packages": {
		"": {
			"name": "create-tuvix-app",
			"version": "0.1.3",
			"license": "MIT",
			"dependencies": {
				"@clack/prompts": "^0.9.1",
				"tar": "^7.5.11"
			},
			"bin": {
				"create-tuvix-app": "dist/index.js"
			},
			"devDependencies": {
				"@types/tar": "^7.0.0"
			}
		},
		"node_modules/@clack/core": {
			"version": "0.4.1",
			"resolved": "https://registry.npmjs.org/@clack/core/-/core-0.4.1.tgz",
			"integrity": "sha512-Pxhij4UXg8KSr7rPek6Zowm+5M22rbd2g1nfojHJkxp5YkFqiZ2+YLEM/XGVIzvGOcM0nqjIFxrpDwWRZYWYjA==",
			"license": "MIT",
			"dependencies": {
				"picocolors": "^1.0.0",
				"sisteransi": "^1.0.5"
			}
		},
		"node_modules/@clack/prompts": {
			"version": "0.9.1",
			"resolved": "https://registry.npmjs.org/@clack/prompts/-/prompts-0.9.1.tgz",
			"integrity": "sha512-JIpyaboYZeWYlyP0H+OoPPxd6nqueG/CmN6ixBiNFsIDHREevjIf0n0Ohh5gr5C8pEDknzgvz+pIJ8dMhzWIeg==",
			"license": "MIT",
			"dependencies": {
				"@clack/core": "0.4.1",
				"picocolors": "^1.0.0",
				"sisteransi": "^1.0.5"
			}
		},
		"node_modules/@isaacs/fs-minipass": {
			"version": "4.0.1",
			"resolved": "https://registry.npmjs.org/@isaacs/fs-minipass/-/fs-minipass-4.0.1.tgz",
			"integrity": "sha512-wgm9Ehl2jpeqP3zw/7mo3kRHFp5MEDhqAdwy1fTGkHAwnkGOVsgpvQhL8B5n1qlb01jV3n/bI0ZfZp5lWA1k4w==",
			"license": "ISC",
			"dependencies": {
				"minipass": "^7.0.4"
			},
			"engines": {
				"node": ">=18.0.0"
			}
		},
		"node_modules/@types/tar": {
			"version": "7.0.87",
			"resolved": "https://registry.npmjs.org/@types/tar/-/tar-7.0.87.tgz",
			"integrity": "sha512-3IxNBV8LeY5oi2ZFpvAhOtW1+mHswkzM7BuisVrwJgPv67GBO2rkLPQlEKtzfHuLdhDDczhkCZeT+RuizMay4A==",
			"deprecated": "This is a stub types definition. tar provides its own type definitions, so you do not need this installed.",
			"dev": true,
			"license": "MIT",
			"dependencies": {
				"tar": "*"
			}
		},
		"node_modules/chownr": {
			"version": "3.0.0",
			"resolved": "https://registry.npmjs.org/chownr/-/chownr-3.0.0.tgz",
			"integrity": "sha512-+IxzY9BZOQd/XuYPRmrvEVjF/nqj5kgT4kEq7VofrDoM1MxoRjEWkrCC3EtLi59TVawxTAn+orJwFQcrqEN1+g==",
			"license": "BlueOak-1.0.0",
			"engines": {
				"node": ">=18"
			}
		},
		"node_modules/minipass": {
			"version": "7.1.3",
			"resolved": "https://registry.npmjs.org/minipass/-/minipass-7.1.3.tgz",
			"integrity": "sha512-tEBHqDnIoM/1rXME1zgka9g6Q2lcoCkxHLuc7ODJ5BxbP5d4c2Z5cGgtXAku59200Cx7diuHTOYfSBD8n6mm8A==",
			"license": "BlueOak-1.0.0",
			"engines": {
				"node": ">=16 || 14 >=14.17"
			}
		},
		"node_modules/minizlib": {
			"version": "3.1.0",
			"resolved": "https://registry.npmjs.org/minizlib/-/minizlib-3.1.0.tgz",
			"integrity": "sha512-KZxYo1BUkWD2TVFLr0MQoM8vUUigWD3LlD83a/75BqC+4qE0Hb1Vo5v1FgcfaNXvfXzr+5EhQ6ing/CaBijTlw==",
			"license": "MIT",
			"dependencies": {
				"minipass": "^7.1.2"
			},
			"engines": {
				"node": ">= 18"
			}
		},
		"node_modules/picocolors": {
			"version": "1.1.1",
			"resolved": "https://registry.npmjs.org/picocolors/-/picocolors-1.1.1.tgz",
			"integrity": "sha512-xceH2snhtb5M9liqDsmEw56le376mTZkEX/jEb/RxNFyegNul7eNslCXP9FDj/Lcu0X8KEyMceP2ntpaHrDEVA==",
			"license": "ISC"
		},
		"node_modules/sisteransi": {
			"version": "1.0.5",
			"resolved": "https://registry.npmjs.org/sisteransi/-/sisteransi-1.0.5.tgz",
			"integrity": "sha512-bLGGlR1QxBcynn2d5YmDX4MGjlZvy2MRBDRNHLJ8VI6l6+9FUiyTFNJ0IveOSP0bcXgVDPRcfGqA0pjaqUpfVg==",
			"license": "MIT"
		},
		"node_modules/tar": {
			"version": "7.5.11",
			"resolved": "https://registry.npmjs.org/tar/-/tar-7.5.11.tgz",
			"integrity": "sha512-ChjMH33/KetonMTAtpYdgUFr0tbz69Fp2v7zWxQfYZX4g5ZN2nOBXm1R2xyA+lMIKrLKIoKAwFj93jE/avX9cQ==",
			"license": "BlueOak-1.0.0",
			"dependencies": {
				"@isaacs/fs-minipass": "^4.0.0",
				"chownr": "^3.0.0",
				"minipass": "^7.1.2",
				"minizlib": "^3.1.0",
				"yallist": "^5.0.0"
			},
			"engines": {
				"node": ">=18"
			}
		},
		"node_modules/yallist": {
			"version": "5.0.0",
			"resolved": "https://registry.npmjs.org/yallist/-/yallist-5.0.0.tgz",
			"integrity": "sha512-YgvUTfwqyc7UXVMrB+SImsVYSmTS8X/tSrtdNZMImM+n7+QTriRXyXim0mBrTXNeqzVF0KWGgHPeiyViFFrNDw==",
			"license": "BlueOak-1.0.0",
			"engines": {
				"node": ">=18"
			}
		}
	}
}
